
Microsoft Visual Studio Solution File, Format Version 12.00
Project("{FAE04EC0-301F-11D3-BF4B-00C04F79EFBC}") = "YTProxy", "YTProxy\YTProxy.csproj", "{2884FE7C-72FB-4D1E-8FF6-6425483AAD60}"
EndProject
Project("{FAE04EC0-301F-11D3-BF4B-00C04F79EFBC}") = "LightTube", "LightTube\LightTube.csproj", "{ED18222B-06FF-42AA-98D0-C932BBBE513A}"
EndProject
Global
	GlobalSection(SolutionConfigurationPlatforms) = preSolution
		Debug|Any CPU = Debug|Any CPU
		Release|Any CPU = Release|Any CPU
	EndGlobalSection
	GlobalSection(ProjectConfigurationPlatforms) = postSolution
		{2884FE7C-72FB-4D1E-8FF6-6425483AAD60}.Debug|Any CPU.ActiveCfg = Debug|Any CPU
		{2884FE7C-72FB-4D1E-8FF6-6425483AAD60}.Debug|Any CPU.Build.0 = Debug|Any CPU
		{2884FE7C-72FB-4D1E-8FF6-6425483AAD60}.Release|Any CPU.ActiveCfg = Release|Any CPU
		{2884FE7C-72FB-4D1E-8FF6-6425483AAD60}.Release|Any CPU.Build.0 = Release|Any CPU
		{ED18222B-06FF-42AA-98D0-C932BBBE513A}.Debug|Any CPU.ActiveCfg = Debug|Any CPU
		{ED18222B-06FF-42AA-98D0-C932BBBE513A}.Debug|Any CPU.Build.0 = Debug|Any CPU
		{ED18222B-06FF-42AA-98D0-C932BBBE513A}.Release|Any CPU.ActiveCfg = Release|Any CPU
		{ED18222B-06FF-42AA-98D0-C932BBBE513A}.Release|Any CPU.Build.0 = Release|Any CPU
	EndGlobalSection
EndGlobal
